
Microsoft Visual Studio Solution File, Format Version 12.00
# Visual Studio Version 17
VisualStudioVersion = 17.3.32901.215
MinimumVisualStudioVersion = 10.0.40219.1
Project("{2150E333-8FDC-42A3-9474-1A3956D46DE8}") = "src", "src", "{CB9D3D18-7091-4180-8D0F-C970FE24C298}"
EndProject
Project("{2150E333-8FDC-42A3-9474-1A3956D46DE8}") = "tests", "tests", "{3DD17B26-4885-4E77-B57B-07B222BF3FCF}"
EndProject
Project("{2150E333-8FDC-42A3-9474-1A3956D46DE8}") = "API", "API", "{305B880F-02D4-40EE-B8EA-956B5B22B23A}"
EndProject
Project("{2150E333-8FDC-42A3-9474-1A3956D46DE8}") = "Core", "Core", "{DAC7A18F-2499-424D-9F0E-F40FA82D6A94}"
EndProject
Project("{2150E333-8FDC-42A3-9474-1A3956D46DE8}") = "Infrastructure", "Infrastructure", "{ABD91EAC-8636-45DD-8F09-3F057D684CF3}"
EndProject
Project("{2150E333-8FDC-42A3-9474-1A3956D46DE8}") = "UI", "UI", "{A8D9A830-BB31-4813-8760-B626CD542ECC}"
EndProject
Project("{FAE04EC0-301F-11D3-BF4B-00C04F79EFBC}") = "TraineeTracker.Domain", "TraineeTracker.Domain\TraineeTracker.Domain.csproj", "{D6BD5998-2CF6-4242-8698-89C405E01E5E}"
EndProject
Project("{FAE04EC0-301F-11D3-BF4B-00C04F79EFBC}") = "TraineeTracker.Api", "TraineeTracker.Api\TraineeTracker.Api.csproj", "{9737009A-21FC-4825-8915-9B87B7531DA7}"
EndProject
Project("{FAE04EC0-301F-11D3-BF4B-00C04F79EFBC}") = "TraineeTracker.Indentity", "TraineeTracker.Indentity\TraineeTracker.Indentity.csproj", "{D23788E1-B89B-4E32-A83A-A5707EA6B102}"
EndProject
Project("{FAE04EC0-301F-11D3-BF4B-00C04F79EFBC}") = "TraineeTracker.Infrastructure", "TraineeTracker.Infrastructure\TraineeTracker.Infrastructure.csproj", "{4B12AB8D-E49B-4A40-8BAD-7DB6DC14B79A}"
EndProject
Project("{FAE04EC0-301F-11D3-BF4B-00C04F79EFBC}") = "TraineeTracker.Persistence", "TraineeTracker.Persistence\TraineeTracker.Persistence.csproj", "{10E8867A-F99B-4FEA-AF8F-BD4CDD732D5A}"
EndProject
Project("{FAE04EC0-301F-11D3-BF4B-00C04F79EFBC}") = "TraineeTracker.MVC", "TraineeTracker.MVC\TraineeTracker.MVC.csproj", "{5C5A4A86-EB51-4AEA-B80F-4822026B9454}"
EndProject
Project("{FAE04EC0-301F-11D3-BF4B-00C04F79EFBC}") = "TraineeTracker.Application.UnitTests", "TraineeTracker.Application.UnitTests\TraineeTracker.Application.UnitTests.csproj", "{C386834D-6ED3-403C-973E-7D47EA79194E}"
EndProject
Project("{FAE04EC0-301F-11D3-BF4B-00C04F79EFBC}") = "TraineeTracker.Application", "TraineeTracker.Application\TraineeTracker.Application.csproj", "{2F31069C-E9FE-4238-B5EB-8385166CF43E}"
EndProject
Global
	GlobalSection(SolutionConfigurationPlatforms) = preSolution
		Debug|Any CPU = Debug|Any CPU
		Release|Any CPU = Release|Any CPU
	EndGlobalSection
	GlobalSection(ProjectConfigurationPlatforms) = postSolution
		{D6BD5998-2CF6-4242-8698-89C405E01E5E}.Debug|Any CPU.ActiveCfg = Debug|Any CPU
		{D6BD5998-2CF6-4242-8698-89C405E01E5E}.Debug|Any CPU.Build.0 = Debug|Any CPU
		{D6BD5998-2CF6-4242-8698-89C405E01E5E}.Release|Any CPU.ActiveCfg = Release|Any CPU
		{D6BD5998-2CF6-4242-8698-89C405E01E5E}.Release|Any CPU.Build.0 = Release|Any CPU
		{9737009A-21FC-4825-8915-9B87B7531DA7}.Debug|Any CPU.ActiveCfg = Debug|Any CPU
		{9737009A-21FC-4825-8915-9B87B7531DA7}.Debug|Any CPU.Build.0 = Debug|Any CPU
		{9737009A-21FC-4825-8915-9B87B7531DA7}.Release|Any CPU.ActiveCfg = Release|Any CPU
		{9737009A-21FC-4825-8915-9B87B7531DA7}.Release|Any CPU.Build.0 = Release|Any CPU
		{D23788E1-B89B-4E32-A83A-A5707EA6B102}.Debug|Any CPU.ActiveCfg = Debug|Any CPU
		{D23788E1-B89B-4E32-A83A-A5707EA6B102}.Debug|Any CPU.Build.0 = Debug|Any CPU
		{D23788E1-B89B-4E32-A83A-A5707EA6B102}.Release|Any CPU.ActiveCfg = Release|Any CPU
		{D23788E1-B89B-4E32-A83A-A5707EA6B102}.Release|Any CPU.Build.0 = Release|Any CPU
		{4B12AB8D-E49B-4A40-8BAD-7DB6DC14B79A}.Debug|Any CPU.ActiveCfg = Debug|Any CPU
		{4B12AB8D-E49B-4A40-8BAD-7DB6DC14B79A}.Debug|Any CPU.Build.0 = Debug|Any CPU
		{4B12AB8D-E49B-4A40-8BAD-7DB6DC14B79A}.Release|Any CPU.ActiveCfg = Release|Any CPU
		{4B12AB8D-E49B-4A40-8BAD-7DB6DC14B79A}.Release|Any CPU.Build.0 = Release|Any CPU
		{10E8867A-F99B-4FEA-AF8F-BD4CDD732D5A}.Debug|Any CPU.ActiveCfg = Debug|Any CPU
		{10E8867A-F99B-4FEA-AF8F-BD4CDD732D5A}.Debug|Any CPU.Build.0 = Debug|Any CPU
		{10E8867A-F99B-4FEA-AF8F-BD4CDD732D5A}.Release|Any CPU.ActiveCfg = Release|Any CPU
		{10E8867A-F99B-4FEA-AF8F-BD4CDD732D5A}.Release|Any CPU.Build.0 = Release|Any CPU
		{5C5A4A86-EB51-4AEA-B80F-4822026B9454}.Debug|Any CPU.ActiveCfg = Debug|Any CPU
		{5C5A4A86-EB51-4AEA-B80F-4822026B9454}.Debug|Any CPU.Build.0 = Debug|Any CPU
		{5C5A4A86-EB51-4AEA-B80F-4822026B9454}.Release|Any CPU.ActiveCfg = Release|Any CPU
		{5C5A4A86-EB51-4AEA-B80F-4822026B9454}.Release|Any CPU.Build.0 = Release|Any CPU
		{C386834D-6ED3-403C-973E-7D47EA79194E}.Debug|Any CPU.ActiveCfg = Debug|Any CPU
		{C386834D-6ED3-403C-973E-7D47EA79194E}.Debug|Any CPU.Build.0 = Debug|Any CPU
		{C386834D-6ED3-403C-973E-7D47EA79194E}.Release|Any CPU.ActiveCfg = Release|Any CPU
		{C386834D-6ED3-403C-973E-7D47EA79194E}.Release|Any CPU.Build.0 = Release|Any CPU
		{2F31069C-E9FE-4238-B5EB-8385166CF43E}.Debug|Any CPU.ActiveCfg = Debug|Any CPU
		{2F31069C-E9FE-4238-B5EB-8385166CF43E}.Debug|Any CPU.Build.0 = Debug|Any CPU
		{2F31069C-E9FE-4238-B5EB-8385166CF43E}.Release|Any CPU.ActiveCfg = Release|Any CPU
		{2F31069C-E9FE-4238-B5EB-8385166CF43E}.Release|Any CPU.Build.0 = Release|Any CPU
	EndGlobalSection
	GlobalSection(SolutionProperties) = preSolution
		HideSolutionNode = FALSE
	EndGlobalSection
	GlobalSection(NestedProjects) = preSolution
		{305B880F-02D4-40EE-B8EA-956B5B22B23A} = {CB9D3D18-7091-4180-8D0F-C970FE24C298}
		{DAC7A18F-2499-424D-9F0E-F40FA82D6A94} = {CB9D3D18-7091-4180-8D0F-C970FE24C298}
		{ABD91EAC-8636-45DD-8F09-3F057D684CF3} = {CB9D3D18-7091-4180-8D0F-C970FE24C298}
		{A8D9A830-BB31-4813-8760-B626CD542ECC} = {CB9D3D18-7091-4180-8D0F-C970FE24C298}
		{D6BD5998-2CF6-4242-8698-89C405E01E5E} = {DAC7A18F-2499-424D-9F0E-F40FA82D6A94}
		{9737009A-21FC-4825-8915-9B87B7531DA7} = {305B880F-02D4-40EE-B8EA-956B5B22B23A}
		{D23788E1-B89B-4E32-A83A-A5707EA6B102} = {ABD91EAC-8636-45DD-8F09-3F057D684CF3}
		{4B12AB8D-E49B-4A40-8BAD-7DB6DC14B79A} = {ABD91EAC-8636-45DD-8F09-3F057D684CF3}
		{10E8867A-F99B-4FEA-AF8F-BD4CDD732D5A} = {ABD91EAC-8636-45DD-8F09-3F057D684CF3}
		{5C5A4A86-EB51-4AEA-B80F-4822026B9454} = {A8D9A830-BB31-4813-8760-B626CD542ECC}
		{C386834D-6ED3-403C-973E-7D47EA79194E} = {3DD17B26-4885-4E77-B57B-07B222BF3FCF}
		{2F31069C-E9FE-4238-B5EB-8385166CF43E} = {DAC7A18F-2499-424D-9F0E-F40FA82D6A94}
	EndGlobalSection
	GlobalSection(ExtensibilityGlobals) = postSolution
		SolutionGuid = {C38F62FA-5AD4-4E15-9D3D-92259BA05DC0}
	EndGlobalSection
EndGlobal
